
Microsoft Visual Studio Solution File, Format Version 12.00
# Visual Studio Version 17
VisualStudioVersion = 17.3.32901.215
MinimumVisualStudioVersion = 10.0.40219.1
Project("{FAE04EC0-301F-11D3-BF4B-00C04F79EFBC}") = "001_Day_1_Basic_Program", "001_Day_1_Basic_Program.csproj", "{B042F6A9-7027-46C4-8123-13A825A70CCF}"
EndProject
Global
	GlobalSection(SolutionConfigurationPlatforms) = preSolution
		Debug|Any CPU = Debug|Any CPU
		Release|Any CPU = Release|Any CPU
	EndGlobalSection
	GlobalSection(ProjectConfigurationPlatforms) = postSolution
		{B042F6A9-7027-46C4-8123-13A825A70CCF}.Debug|Any CPU.ActiveCfg = Debug|Any CPU
		{B042F6A9-7027-46C4-8123-13A825A70CCF}.Debug|Any CPU.Build.0 = Debug|Any CPU
		{B042F6A9-7027-46C4-8123-13A825A70CCF}.Release|Any CPU.ActiveCfg = Release|Any CPU
		{B042F6A9-7027-46C4-8123-13A825A70CCF}.Release|Any CPU.Build.0 = Release|Any CPU
	EndGlobalSection
	GlobalSection(SolutionProperties) = preSolution
		HideSolutionNode = FALSE
	EndGlobalSection
	GlobalSection(ExtensibilityGlobals) = postSolution
		SolutionGuid = {238DC446-A940-4E69-9DCE-9F02CECDE441}
	EndGlobalSection
EndGlobal
