
Microsoft Visual Studio Solution File, Format Version 12.00
# Visual Studio Version 17
VisualStudioVersion = 17.3.32901.215
MinimumVisualStudioVersion = 10.0.40219.1
Project("{FAE04EC0-301F-11D3-BF4B-00C04F79EFBC}") = "004_Day_4_Conditionals_Loops_practice", "004_Day_4_Conditionals_Loops_practice.csproj", "{6C0011DB-92D2-49BA-9E04-A746A6DDB464}"
EndProject
Global
	GlobalSection(SolutionConfigurationPlatforms) = preSolution
		Debug|Any CPU = Debug|Any CPU
		Release|Any CPU = Release|Any CPU
	EndGlobalSection
	GlobalSection(ProjectConfigurationPlatforms) = postSolution
		{6C0011DB-92D2-49BA-9E04-A746A6DDB464}.Debug|Any CPU.ActiveCfg = Debug|Any CPU
		{6C0011DB-92D2-49BA-9E04-A746A6DDB464}.Debug|Any CPU.Build.0 = Debug|Any CPU
		{6C0011DB-92D2-49BA-9E04-A746A6DDB464}.Release|Any CPU.ActiveCfg = Release|Any CPU
		{6C0011DB-92D2-49BA-9E04-A746A6DDB464}.Release|Any CPU.Build.0 = Release|Any CPU
	EndGlobalSection
	GlobalSection(SolutionProperties) = preSolution
		HideSolutionNode = FALSE
	EndGlobalSection
	GlobalSection(ExtensibilityGlobals) = postSolution
		SolutionGuid = {11F9952B-F32B-4F9C-9647-38E148B668BF}
	EndGlobalSection
EndGlobal
